
Microsoft Visual Studio Solution File, Format Version 12.00
# Visual Studio 14
VisualStudioVersion = 14.0.25420.1
MinimumVisualStudioVersion = 10.0.40219.1
Project("{FAE04EC0-301F-11D3-BF4B-00C04F79EFBC}") = "NancyWebApiDemo", "NancyWebApiDemo\NancyWebApiDemo.csproj", "{F9453AE5-7C72-4D0B-91C9-D3094C71762D}"
EndProject
Project("{FAE04EC0-301F-11D3-BF4B-00C04F79EFBC}") = "NancyConsoleDemo", "NancyConsoleDemo\NancyConsoleDemo.csproj", "{8F4D0E25-650F-4EE7-AFBE-B7DAD7FA6852}"
EndProject
Global
	GlobalSection(SolutionConfigurationPlatforms) = preSolution
		Debug|Any CPU = Debug|Any CPU
		Release|Any CPU = Release|Any CPU
	EndGlobalSection
	GlobalSection(ProjectConfigurationPlatforms) = postSolution
		{F9453AE5-7C72-4D0B-91C9-D3094C71762D}.Debug|Any CPU.ActiveCfg = Debug|Any CPU
		{F9453AE5-7C72-4D0B-91C9-D3094C71762D}.Debug|Any CPU.Build.0 = Debug|Any CPU
		{F9453AE5-7C72-4D0B-91C9-D3094C71762D}.Release|Any CPU.ActiveCfg = Release|Any CPU
		{F9453AE5-7C72-4D0B-91C9-D3094C71762D}.Release|Any CPU.Build.0 = Release|Any CPU
		{8F4D0E25-650F-4EE7-AFBE-B7DAD7FA6852}.Debug|Any CPU.ActiveCfg = Debug|Any CPU
		{8F4D0E25-650F-4EE7-AFBE-B7DAD7FA6852}.Debug|Any CPU.Build.0 = Debug|Any CPU
		{8F4D0E25-650F-4EE7-AFBE-B7DAD7FA6852}.Release|Any CPU.ActiveCfg = Release|Any CPU
		{8F4D0E25-650F-4EE7-AFBE-B7DAD7FA6852}.Release|Any CPU.Build.0 = Release|Any CPU
	EndGlobalSection
	GlobalSection(SolutionProperties) = preSolution
		HideSolutionNode = FALSE
	EndGlobalSection
EndGlobal
