
Microsoft Visual Studio Solution File, Format Version 12.00
# Visual Studio 14
VisualStudioVersion = 14.0.25420.1
MinimumVisualStudioVersion = 10.0.40219.1
Project("{FAE04EC0-301F-11D3-BF4B-00C04F79EFBC}") = "RabbitMQClient", "RabbitMQClient\RabbitMQClient.csproj", "{707FCABF-3412-41F3-9D5B-988127452D51}"
EndProject
Project("{FAE04EC0-301F-11D3-BF4B-00C04F79EFBC}") = "RabbitMQServer", "RabbitMQServer\RabbitMQServer.csproj", "{105A1CC2-2E61-4C1F-9080-4622E3339C3C}"
EndProject
Project("{FAE04EC0-301F-11D3-BF4B-00C04F79EFBC}") = "EasyNetQDemo", "EasyNetQDemo\EasyNetQDemo.csproj", "{F2B466DA-D9B1-45A1-ADE6-4B37D5266388}"
EndProject
Global
	GlobalSection(SolutionConfigurationPlatforms) = preSolution
		Debug|Any CPU = Debug|Any CPU
		Release|Any CPU = Release|Any CPU
	EndGlobalSection
	GlobalSection(ProjectConfigurationPlatforms) = postSolution
		{707FCABF-3412-41F3-9D5B-988127452D51}.Debug|Any CPU.ActiveCfg = Debug|Any CPU
		{707FCABF-3412-41F3-9D5B-988127452D51}.Debug|Any CPU.Build.0 = Debug|Any CPU
		{707FCABF-3412-41F3-9D5B-988127452D51}.Release|Any CPU.ActiveCfg = Release|Any CPU
		{707FCABF-3412-41F3-9D5B-988127452D51}.Release|Any CPU.Build.0 = Release|Any CPU
		{105A1CC2-2E61-4C1F-9080-4622E3339C3C}.Debug|Any CPU.ActiveCfg = Debug|Any CPU
		{105A1CC2-2E61-4C1F-9080-4622E3339C3C}.Debug|Any CPU.Build.0 = Debug|Any CPU
		{105A1CC2-2E61-4C1F-9080-4622E3339C3C}.Release|Any CPU.ActiveCfg = Release|Any CPU
		{105A1CC2-2E61-4C1F-9080-4622E3339C3C}.Release|Any CPU.Build.0 = Release|Any CPU
		{F2B466DA-D9B1-45A1-ADE6-4B37D5266388}.Debug|Any CPU.ActiveCfg = Debug|Any CPU
		{F2B466DA-D9B1-45A1-ADE6-4B37D5266388}.Debug|Any CPU.Build.0 = Debug|Any CPU
		{F2B466DA-D9B1-45A1-ADE6-4B37D5266388}.Release|Any CPU.ActiveCfg = Release|Any CPU
		{F2B466DA-D9B1-45A1-ADE6-4B37D5266388}.Release|Any CPU.Build.0 = Release|Any CPU
	EndGlobalSection
	GlobalSection(SolutionProperties) = preSolution
		HideSolutionNode = FALSE
	EndGlobalSection
EndGlobal
